// !$*UTF8*$!
{
	archiveVersion = 1;
	classes = {
	};
	objectVersion = 46;
	objects = {

/* Begin PBXBuildFile section */
		83BAC3481EE9488F00A20043 /* main.m in Sources */ = {isa = PBXBuildFile; fileRef = 83BAC3471EE9488F00A20043 /* main.m */; };
		83BAC34B1EE9488F00A20043 /* AppDelegate.m in Sources */ = {isa = PBXBuildFile; fileRef = 83BAC34A1EE9488F00A20043 /* AppDelegate.m */; };
		83BAC34E1EE9488F00A20043 /* ViewController.m in Sources */ = {isa = PBXBuildFile; fileRef = 83BAC34D1EE9488F00A20043 /* ViewController.m */; };
		83BAC3511EE9488F00A20043 /* Main.storyboard in Resources */ = {isa = PBXBuildFile; fileRef = 83BAC34F1EE9488F00A20043 /* Main.storyboard */; };
		83BAC3531EE9488F00A20043 /* Assets.xcassets in Resources */ = {isa = PBXBuildFile; fileRef = 83BAC3521EE9488F00A20043 /* Assets.xcassets */; };
		83BAC3561EE9488F00A20043 /* LaunchScreen.storyboard in Resources */ = {isa = PBXBuildFile; fileRef = 83BAC3541EE9488F00A20043 /* LaunchScreen.storyboard */; };
		83BAC3611EE9488F00A20043 /* OpenGLES7_3Tests.m in Sources */ = {isa = PBXBuildFile; fileRef = 83BAC3601EE9488F00A20043 /* OpenGLES7_3Tests.m */; };
		83BAC36C1EE9488F00A20043 /* OpenGLES7_3UITests.m in Sources */ = {isa = PBXBuildFile; fileRef = 83BAC36B1EE9488F00A20043 /* OpenGLES7_3UITests.m */; };
		83BAC3921EE948D600A20043 /* UtilityArmatureBaseEffect.m in Sources */ = {isa = PBXBuildFile; fileRef = 83BAC37B1EE948D600A20043 /* UtilityArmatureBaseEffect.m */; };
		83BAC3931EE948D600A20043 /* UtilityJoint.m in Sources */ = {isa = PBXBuildFile; fileRef = 83BAC37D1EE948D600A20043 /* UtilityJoint.m */; };
		83BAC3941EE948D600A20043 /* UtilityMesh+skinning.m in Sources */ = {isa = PBXBuildFile; fileRef = 83BAC37F1EE948D600A20043 /* UtilityMesh+skinning.m */; };
		83BAC3951EE948D600A20043 /* UtilityMesh+viewAdditions.m in Sources */ = {isa = PBXBuildFile; fileRef = 83BAC3811EE948D600A20043 /* UtilityMesh+viewAdditions.m */; };
		83BAC3961EE948D600A20043 /* UtilityMesh.m in Sources */ = {isa = PBXBuildFile; fileRef = 83BAC3831EE948D600A20043 /* UtilityMesh.m */; };
		83BAC3971EE948D600A20043 /* UtilityModel+skinning.m in Sources */ = {isa = PBXBuildFile; fileRef = 83BAC3851EE948D600A20043 /* UtilityModel+skinning.m */; };
		83BAC3981EE948D600A20043 /* UtilityModel+viewAdditions.m in Sources */ = {isa = PBXBuildFile; fileRef = 83BAC3871EE948D600A20043 /* UtilityModel+viewAdditions.m */; };
		83BAC3991EE948D600A20043 /* UtilityModel.m in Sources */ = {isa = PBXBuildFile; fileRef = 83BAC3891EE948D600A20043 /* UtilityModel.m */; };
		83BAC39A1EE948D600A20043 /* UtilityModelManager+skinning.m in Sources */ = {isa = PBXBuildFile; fileRef = 83BAC38B1EE948D600A20043 /* UtilityModelManager+skinning.m */; };
		83BAC39B1EE948D600A20043 /* UtilityModelManager.m in Sources */ = {isa = PBXBuildFile; fileRef = 83BAC38D1EE948D600A20043 /* UtilityModelManager.m */; };
		83BAC39C1EE948D600A20043 /* UtilityTextureInfo+viewAdditions.m in Sources */ = {isa = PBXBuildFile; fileRef = 83BAC38F1EE948D600A20043 /* UtilityTextureInfo+viewAdditions.m */; };
		83BAC39D1EE948D600A20043 /* UtilityTextureInfo.m in Sources */ = {isa = PBXBuildFile; fileRef = 83BAC3911EE948D600A20043 /* UtilityTextureInfo.m */; };
		83BAC3A11EE9490B00A20043 /* AGLKContext.m in Sources */ = {isa = PBXBuildFile; fileRef = 83BAC3A01EE9490B00A20043 /* AGLKContext.m */; };
		83BAC3A31EE9565600A20043 /* test1.modelplist in Resources */ = {isa = PBXBuildFile; fileRef = 83BAC3A21EE9565600A20043 /* test1.modelplist */; };
		83BAC3A51EE9599400A20043 /* armature.modelplist in Resources */ = {isa = PBXBuildFile; fileRef = 83BAC3A41EE9599400A20043 /* armature.modelplist */; };
		83BAC3B11EEA466D00A20043 /* UtilityArmaturePointLightShader.fsh in Resources */ = {isa = PBXBuildFile; fileRef = 83BAC3A71EEA466D00A20043 /* UtilityArmaturePointLightShader.fsh */; };
		83BAC3B21EEA466D00A20043 /* UtilityArmaturePointLightShader.vsh in Resources */ = {isa = PBXBuildFile; fileRef = 83BAC3A81EEA466D00A20043 /* UtilityArmaturePointLightShader.vsh */; };
		83BAC3B31EEA466D00A20043 /* UtilityBillboardParticleShader.fsh in Resources */ = {isa = PBXBuildFile; fileRef = 83BAC3A91EEA466D00A20043 /* UtilityBillboardParticleShader.fsh */; };
		83BAC3B41EEA466D00A20043 /* UtilityBillboardParticleShader.vsh in Resources */ = {isa = PBXBuildFile; fileRef = 83BAC3AA1EEA466D00A20043 /* UtilityBillboardParticleShader.vsh */; };
		83BAC3B51EEA466D00A20043 /* UtilityModelShader.fsh in Resources */ = {isa = PBXBuildFile; fileRef = 83BAC3AB1EEA466D00A20043 /* UtilityModelShader.fsh */; };
		83BAC3B61EEA466D00A20043 /* UtilityModelShader.vsh in Resources */ = {isa = PBXBuildFile; fileRef = 83BAC3AC1EEA466D00A20043 /* UtilityModelShader.vsh */; };
		83BAC3B71EEA466D00A20043 /* UtilityPickTerrainShader.fsh in Resources */ = {isa = PBXBuildFile; fileRef = 83BAC3AD1EEA466D00A20043 /* UtilityPickTerrainShader.fsh */; };
		83BAC3B81EEA466D00A20043 /* UtilityPickTerrainShader.vsh in Resources */ = {isa = PBXBuildFile; fileRef = 83BAC3AE1EEA466D00A20043 /* UtilityPickTerrainShader.vsh */; };
		83BAC3B91EEA466D00A20043 /* UtilityTerrainShader.fsh in Resources */ = {isa = PBXBuildFile; fileRef = 83BAC3AF1EEA466D00A20043 /* UtilityTerrainShader.fsh */; };
		83BAC3BA1EEA466D00A20043 /* UtilityTerrainShader.vsh in Resources */ = {isa = PBXBuildFile; fileRef = 83BAC3B01EEA466D00A20043 /* UtilityTerrainShader.vsh */; };
/* End PBXBuildFile section */

/* Begin PBXContainerItemProxy section */
		83BAC35D1EE9488F00A20043 /* PBXContainerItemProxy */ = {
			isa = PBXContainerItemProxy;
			containerPortal = 83BAC33B1EE9488F00A20043 /* Project object */;
			proxyType = 1;
			remoteGlobalIDString = 83BAC3421EE9488F00A20043;
			remoteInfo = OpenGLES7.3;
		};
		83BAC3681EE9488F00A20043 /* PBXContainerItemProxy */ = {
			isa = PBXContainerItemProxy;
			containerPortal = 83BAC33B1EE9488F00A20043 /* Project object */;
			proxyType = 1;
			remoteGlobalIDString = 83BAC3421EE9488F00A20043;
			remoteInfo = OpenGLES7.3;
		};
/* End PBXContainerItemProxy section */

/* Begin PBXFileReference section */
		83BAC3431EE9488F00A20043 /* OpenGLES7.3.app */ = {isa = PBXFileReference; explicitFileType = wrapper.application; includeInIndex = 0; path = OpenGLES7.3.app; sourceTree = BUILT_PRODUCTS_DIR; };
		83BAC3471EE9488F00A20043 /* main.m */ = {isa = PBXFileReference; lastKnownFileType = sourcecode.c.objc; path = main.m; sourceTree = "<group>"; };
		83BAC3491EE9488F00A20043 /* AppDelegate.h */ = {isa = PBXFileReference; lastKnownFileType = sourcecode.c.h; path = AppDelegate.h; sourceTree = "<group>"; };
		83BAC34A1EE9488F00A20043 /* AppDelegate.m */ = {isa = PBXFileReference; lastKnownFileType = sourcecode.c.objc; path = AppDelegate.m; sourceTree = "<group>"; };
		83BAC34C1EE9488F00A20043 /* ViewController.h */ = {isa = PBXFileReference; lastKnownFileType = sourcecode.c.h; path = ViewController.h; sourceTree = "<group>"; };
		83BAC34D1EE9488F00A20043 /* ViewController.m */ = {isa = PBXFileReference; lastKnownFileType = sourcecode.c.objc; path = ViewController.m; sourceTree = "<group>"; };
		83BAC3501EE9488F00A20043 /* Base */ = {isa = PBXFileReference; lastKnownFileType = file.storyboard; name = Base; path = Base.lproj/Main.storyboard; sourceTree = "<group>"; };
		83BAC3521EE9488F00A20043 /* Assets.xcassets */ = {isa = PBXFileReference; lastKnownFileType = folder.assetcatalog; path = Assets.xcassets; sourceTree = "<group>"; };
		83BAC3551EE9488F00A20043 /* Base */ = {isa = PBXFileReference; lastKnownFileType = file.storyboard; name = Base; path = Base.lproj/LaunchScreen.storyboard; sourceTree = "<group>"; };
		83BAC3571EE9488F00A20043 /* Info.plist */ = {isa = PBXFileReference; lastKnownFileType = text.plist.xml; path = Info.plist; sourceTree = "<group>"; };
		83BAC35C1EE9488F00A20043 /* OpenGLES7.3Tests.xctest */ = {isa = PBXFileReference; explicitFileType = wrapper.cfbundle; includeInIndex = 0; path = OpenGLES7.3Tests.xctest; sourceTree = BUILT_PRODUCTS_DIR; };
		83BAC3601EE9488F00A20043 /* OpenGLES7_3Tests.m */ = {isa = PBXFileReference; lastKnownFileType = sourcecode.c.objc; path = OpenGLES7_3Tests.m; sourceTree = "<group>"; };
		83BAC3621EE9488F00A20043 /* Info.plist */ = {isa = PBXFileReference; lastKnownFileType = text.plist.xml; path = Info.plist; sourceTree = "<group>"; };
		83BAC3671EE9488F00A20043 /* OpenGLES7.3UITests.xctest */ = {isa = PBXFileReference; explicitFileType = wrapper.cfbundle; includeInIndex = 0; path = OpenGLES7.3UITests.xctest; sourceTree = BUILT_PRODUCTS_DIR; };
		83BAC36B1EE9488F00A20043 /* OpenGLES7_3UITests.m */ = {isa = PBXFileReference; lastKnownFileType = sourcecode.c.objc; path = OpenGLES7_3UITests.m; sourceTree = "<group>"; };
		83BAC36D1EE9488F00A20043 /* Info.plist */ = {isa = PBXFileReference; lastKnownFileType = text.plist.xml; path = Info.plist; sourceTree = "<group>"; };
		83BAC37A1EE948D600A20043 /* UtilityArmatureBaseEffect.h */ = {isa = PBXFileReference; fileEncoding = 4; lastKnownFileType = sourcecode.c.h; path = UtilityArmatureBaseEffect.h; sourceTree = "<group>"; };
		83BAC37B1EE948D600A20043 /* UtilityArmatureBaseEffect.m */ = {isa = PBXFileReference; fileEncoding = 4; lastKnownFileType = sourcecode.c.objc; path = UtilityArmatureBaseEffect.m; sourceTree = "<group>"; };
		83BAC37C1EE948D600A20043 /* UtilityJoint.h */ = {isa = PBXFileReference; fileEncoding = 4; lastKnownFileType = sourcecode.c.h; path = UtilityJoint.h; sourceTree = "<group>"; };
		83BAC37D1EE948D600A20043 /* UtilityJoint.m */ = {isa = PBXFileReference; fileEncoding = 4; lastKnownFileType = sourcecode.c.objc; path = UtilityJoint.m; sourceTree = "<group>"; };
		83BAC37E1EE948D600A20043 /* UtilityMesh+skinning.h */ = {isa = PBXFileReference; fileEncoding = 4; lastKnownFileType = sourcecode.c.h; path = "UtilityMesh+skinning.h"; sourceTree = "<group>"; };
		83BAC37F1EE948D600A20043 /* UtilityMesh+skinning.m */ = {isa = PBXFileReference; fileEncoding = 4; lastKnownFileType = sourcecode.c.objc; path = "UtilityMesh+skinning.m"; sourceTree = "<group>"; };
		83BAC3801EE948D600A20043 /* UtilityMesh+viewAdditions.h */ = {isa = PBXFileReference; fileEncoding = 4; lastKnownFileType = sourcecode.c.h; path = "UtilityMesh+viewAdditions.h"; sourceTree = "<group>"; };
		83BAC3811EE948D600A20043 /* UtilityMesh+viewAdditions.m */ = {isa = PBXFileReference; fileEncoding = 4; lastKnownFileType = sourcecode.c.objc; path = "UtilityMesh+viewAdditions.m"; sourceTree = "<group>"; };
		83BAC3821EE948D600A20043 /* UtilityMesh.h */ = {isa = PBXFileReference; fileEncoding = 4; lastKnownFileType = sourcecode.c.h; path = UtilityMesh.h; sourceTree = "<group>"; };
		83BAC3831EE948D600A20043 /* UtilityMesh.m */ = {isa = PBXFileReference; fileEncoding = 4; lastKnownFileType = sourcecode.c.objc; path = UtilityMesh.m; sourceTree = "<group>"; };
		83BAC3841EE948D600A20043 /* UtilityModel+skinning.h */ = {isa = PBXFileReference; fileEncoding = 4; lastKnownFileType = sourcecode.c.h; path = "UtilityModel+skinning.h"; sourceTree = "<group>"; };
		83BAC3851EE948D600A20043 /* UtilityModel+skinning.m */ = {isa = PBXFileReference; fileEncoding = 4; lastKnownFileType = sourcecode.c.objc; path = "UtilityModel+skinning.m"; sourceTree = "<group>"; };
		83BAC3861EE948D600A20043 /* UtilityModel+viewAdditions.h */ = {isa = PBXFileReference; fileEncoding = 4; lastKnownFileType = sourcecode.c.h; path = "UtilityModel+viewAdditions.h"; sourceTree = "<group>"; };
		83BAC3871EE948D600A20043 /* UtilityModel+viewAdditions.m */ = {isa = PBXFileReference; fileEncoding = 4; lastKnownFileType = sourcecode.c.objc; path = "UtilityModel+viewAdditions.m"; sourceTree = "<group>"; };
		83BAC3881EE948D600A20043 /* UtilityModel.h */ = {isa = PBXFileReference; fileEncoding = 4; lastKnownFileType = sourcecode.c.h; path = UtilityModel.h; sourceTree = "<group>"; };
		83BAC3891EE948D600A20043 /* UtilityModel.m */ = {isa = PBXFileReference; fileEncoding = 4; lastKnownFileType = sourcecode.c.objc; path = UtilityModel.m; sourceTree = "<group>"; };
		83BAC38A1EE948D600A20043 /* UtilityModelManager+skinning.h */ = {isa = PBXFileReference; fileEncoding = 4; lastKnownFileType = sourcecode.c.h; path = "UtilityModelManager+skinning.h"; sourceTree = "<group>"; };
		83BAC38B1EE948D600A20043 /* UtilityModelManager+skinning.m */ = {isa = PBXFileReference; fileEncoding = 4; lastKnownFileType = sourcecode.c.objc; path = "UtilityModelManager+skinning.m"; sourceTree = "<group>"; };
		83BAC38C1EE948D600A20043 /* UtilityModelManager.h */ = {isa = PBXFileReference; fileEncoding = 4; lastKnownFileType = sourcecode.c.h; path = UtilityModelManager.h; sourceTree = "<group>"; };
		83BAC38D1EE948D600A20043 /* UtilityModelManager.m */ = {isa = PBXFileReference; fileEncoding = 4; lastKnownFileType = sourcecode.c.objc; path = UtilityModelManager.m; sourceTree = "<group>"; };
		83BAC38E1EE948D600A20043 /* UtilityTextureInfo+viewAdditions.h */ = {isa = PBXFileReference; fileEncoding = 4; lastKnownFileType = sourcecode.c.h; path = "UtilityTextureInfo+viewAdditions.h"; sourceTree = "<group>"; };
		83BAC38F1EE948D600A20043 /* UtilityTextureInfo+viewAdditions.m */ = {isa = PBXFileReference; fileEncoding = 4; lastKnownFileType = sourcecode.c.objc; path = "UtilityTextureInfo+viewAdditions.m"; sourceTree = "<group>"; };
		83BAC3901EE948D600A20043 /* UtilityTextureInfo.h */ = {isa = PBXFileReference; fileEncoding = 4; lastKnownFileType = sourcecode.c.h; path = UtilityTextureInfo.h; sourceTree = "<group>"; };
		83BAC3911EE948D600A20043 /* UtilityTextureInfo.m */ = {isa = PBXFileReference; fileEncoding = 4; lastKnownFileType = sourcecode.c.objc; path = UtilityTextureInfo.m; sourceTree = "<group>"; };
		83BAC39E1EE9490B00A20043 /* AGLKAxisAllignedBoundingBox.h */ = {isa = PBXFileReference; fileEncoding = 4; lastKnownFileType = sourcecode.c.h; path = AGLKAxisAllignedBoundingBox.h; sourceTree = "<group>"; };
		83BAC39F1EE9490B00A20043 /* AGLKContext.h */ = {isa = PBXFileReference; fileEncoding = 4; lastKnownFileType = sourcecode.c.h; path = AGLKContext.h; sourceTree = "<group>"; };
		83BAC3A01EE9490B00A20043 /* AGLKContext.m */ = {isa = PBXFileReference; fileEncoding = 4; lastKnownFileType = sourcecode.c.objc; path = AGLKContext.m; sourceTree = "<group>"; };
		83BAC3A21EE9565600A20043 /* test1.modelplist */ = {isa = PBXFileReference; lastKnownFileType = file.bplist; path = test1.modelplist; sourceTree = "<group>"; };
		83BAC3A41EE9599400A20043 /* armature.modelplist */ = {isa = PBXFileReference; lastKnownFileType = file.bplist; path = armature.modelplist; sourceTree = "<group>"; };
		83BAC3A71EEA466D00A20043 /* UtilityArmaturePointLightShader.fsh */ = {isa = PBXFileReference; fileEncoding = 4; lastKnownFileType = sourcecode.glsl; path = UtilityArmaturePointLightShader.fsh; sourceTree = "<group>"; };
		83BAC3A81EEA466D00A20043 /* UtilityArmaturePointLightShader.vsh */ = {isa = PBXFileReference; fileEncoding = 4; lastKnownFileType = sourcecode.glsl; path = UtilityArmaturePointLightShader.vsh; sourceTree = "<group>"; };
		83BAC3A91EEA466D00A20043 /* UtilityBillboardParticleShader.fsh */ = {isa = PBXFileReference; fileEncoding = 4; lastKnownFileType = sourcecode.glsl; path = UtilityBillboardParticleShader.fsh; sourceTree = "<group>"; };
		83BAC3AA1EEA466D00A20043 /* UtilityBillboardParticleShader.vsh */ = {isa = PBXFileReference; fileEncoding = 4; lastKnownFileType = sourcecode.glsl; path = UtilityBillboardParticleShader.vsh; sourceTree = "<group>"; };
		83BAC3AB1EEA466D00A20043 /* UtilityModelShader.fsh */ = {isa = PBXFileReference; fileEncoding = 4; lastKnownFileType = sourcecode.glsl; path = UtilityModelShader.fsh; sourceTree = "<group>"; };
		83BAC3AC1EEA466D00A20043 /* UtilityModelShader.vsh */ = {isa = PBXFileReference; fileEncoding = 4; lastKnownFileType = sourcecode.glsl; path = UtilityModelShader.vsh; sourceTree = "<group>"; };
		83BAC3AD1EEA466D00A20043 /* UtilityPickTerrainShader.fsh */ = {isa = PBXFileReference; fileEncoding = 4; lastKnownFileType = sourcecode.glsl; path = UtilityPickTerrainShader.fsh; sourceTree = "<group>"; };
		83BAC3AE1EEA466D00A20043 /* UtilityPickTerrainShader.vsh */ = {isa = PBXFileReference; fileEncoding = 4; lastKnownFileType = sourcecode.glsl; path = UtilityPickTerrainShader.vsh; sourceTree = "<group>"; };
		83BAC3AF1EEA466D00A20043 /* UtilityTerrainShader.fsh */ = {isa = PBXFileReference; fileEncoding = 4; lastKnownFileType = sourcecode.glsl; path = UtilityTerrainShader.fsh; sourceTree = "<group>"; };
		83BAC3B01EEA466D00A20043 /* UtilityTerrainShader.vsh */ = {isa = PBXFileReference; fileEncoding = 4; lastKnownFileType = sourcecode.glsl; path = UtilityTerrainShader.vsh; sourceTree = "<group>"; };
/* End PBXFileReference section */

/* Begin PBXFrameworksBuildPhase section */
		83BAC3401EE9488F00A20043 /* Frameworks */ = {
			isa = PBXFrameworksBuildPhase;
			buildActionMask = 2147483647;
			files = (
			);
			runOnlyForDeploymentPostprocessing = 0;
		};
		83BAC3591EE9488F00A20043 /* Frameworks */ = {
			isa = PBXFrameworksBuildPhase;
			buildActionMask = 2147483647;
			files = (
			);
			runOnlyForDeploymentPostprocessing = 0;
		};
		83BAC3641EE9488F00A20043 /* Frameworks */ = {
			isa = PBXFrameworksBuildPhase;
			buildActionMask = 2147483647;
			files = (
			);
			runOnlyForDeploymentPostprocessing = 0;
		};
/* End PBXFrameworksBuildPhase section */

/* Begin PBXGroup section */
		83BAC33A1EE9488F00A20043 = {
			isa = PBXGroup;
			children = (
				83BAC3451EE9488F00A20043 /* OpenGLES7.3 */,
				83BAC35F1EE9488F00A20043 /* OpenGLES7.3Tests */,
				83BAC36A1EE9488F00A20043 /* OpenGLES7.3UITests */,
				83BAC3441EE9488F00A20043 /* Products */,
			);
			sourceTree = "<group>";
		};
		83BAC3441EE9488F00A20043 /* Products */ = {
			isa = PBXGroup;
			children = (
				83BAC3431EE9488F00A20043 /* OpenGLES7.3.app */,
				83BAC35C1EE9488F00A20043 /* OpenGLES7.3Tests.xctest */,
				83BAC3671EE9488F00A20043 /* OpenGLES7.3UITests.xctest */,
			);
			name = Products;
			sourceTree = "<group>";
		};
		83BAC3451EE9488F00A20043 /* OpenGLES7.3 */ = {
			isa = PBXGroup;
			children = (
				83BAC39E1EE9490B00A20043 /* AGLKAxisAllignedBoundingBox.h */,
				83BAC39F1EE9490B00A20043 /* AGLKContext.h */,
				83BAC3A01EE9490B00A20043 /* AGLKContext.m */,
				83BAC3791EE948D600A20043 /* ModelLoding */,
				83BAC3491EE9488F00A20043 /* AppDelegate.h */,
				83BAC34A1EE9488F00A20043 /* AppDelegate.m */,
				83BAC34C1EE9488F00A20043 /* ViewController.h */,
				83BAC34D1EE9488F00A20043 /* ViewController.m */,
				83BAC34F1EE9488F00A20043 /* Main.storyboard */,
				83BAC3521EE9488F00A20043 /* Assets.xcassets */,
				83BAC3541EE9488F00A20043 /* LaunchScreen.storyboard */,
				83BAC3571EE9488F00A20043 /* Info.plist */,
				83BAC3461EE9488F00A20043 /* Supporting Files */,
			);
			path = OpenGLES7.3;
			sourceTree = "<group>";
		};
		83BAC3461EE9488F00A20043 /* Supporting Files */ = {
			isa = PBXGroup;
			children = (
				83BAC3A41EE9599400A20043 /* armature.modelplist */,
				83BAC3A21EE9565600A20043 /* test1.modelplist */,
				83BAC3471EE9488F00A20043 /* main.m */,
			);
			name = "Supporting Files";
			sourceTree = "<group>";
		};
		83BAC35F1EE9488F00A20043 /* OpenGLES7.3Tests */ = {
			isa = PBXGroup;
			children = (
				83BAC3601EE9488F00A20043 /* OpenGLES7_3Tests.m */,
				83BAC3621EE9488F00A20043 /* Info.plist */,
			);
			path = OpenGLES7.3Tests;
			sourceTree = "<group>";
		};
		83BAC36A1EE9488F00A20043 /* OpenGLES7.3UITests */ = {
			isa = PBXGroup;
			children = (
				83BAC36B1EE9488F00A20043 /* OpenGLES7_3UITests.m */,
				83BAC36D1EE9488F00A20043 /* Info.plist */,
			);
			path = OpenGLES7.3UITests;
			sourceTree = "<group>";
		};
		83BAC3791EE948D600A20043 /* ModelLoding */ = {
			isa = PBXGroup;
			children = (
				83BAC3A61EEA466D00A20043 /* Shaders */,
				83BAC37A1EE948D600A20043 /* UtilityArmatureBaseEffect.h */,
				83BAC37B1EE948D600A20043 /* UtilityArmatureBaseEffect.m */,
				83BAC37C1EE948D600A20043 /* UtilityJoint.h */,
				83BAC37D1EE948D600A20043 /* UtilityJoint.m */,
				83BAC37E1EE948D600A20043 /* UtilityMesh+skinning.h */,
				83BAC37F1EE948D600A20043 /* UtilityMesh+skinning.m */,
				83BAC3801EE948D600A20043 /* UtilityMesh+viewAdditions.h */,
				83BAC3811EE948D600A20043 /* UtilityMesh+viewAdditions.m */,
				83BAC3821EE948D600A20043 /* UtilityMesh.h */,
				83BAC3831EE948D600A20043 /* UtilityMesh.m */,
				83BAC3841EE948D600A20043 /* UtilityModel+skinning.h */,
				83BAC3851EE948D600A20043 /* UtilityModel+skinning.m */,
				83BAC3861EE948D600A20043 /* UtilityModel+viewAdditions.h */,
				83BAC3871EE948D600A20043 /* UtilityModel+viewAdditions.m */,
				83BAC3881EE948D600A20043 /* UtilityModel.h */,
				83BAC3891EE948D600A20043 /* UtilityModel.m */,
				83BAC38A1EE948D600A20043 /* UtilityModelManager+skinning.h */,
				83BAC38B1EE948D600A20043 /* UtilityModelManager+skinning.m */,
				83BAC38C1EE948D600A20043 /* UtilityModelManager.h */,
				83BAC38D1EE948D600A20043 /* UtilityModelManager.m */,
				83BAC38E1EE948D600A20043 /* UtilityTextureInfo+viewAdditions.h */,
				83BAC38F1EE948D600A20043 /* UtilityTextureInfo+viewAdditions.m */,
				83BAC3901EE948D600A20043 /* UtilityTextureInfo.h */,
				83BAC3911EE948D600A20043 /* UtilityTextureInfo.m */,
			);
			path = ModelLoding;
			sourceTree = "<group>";
		};
		83BAC3A61EEA466D00A20043 /* Shaders */ = {
			isa = PBXGroup;
			children = (
				83BAC3A71EEA466D00A20043 /* UtilityArmaturePointLightShader.fsh */,
				83BAC3A81EEA466D00A20043 /* UtilityArmaturePointLightShader.vsh */,
				83BAC3A91EEA466D00A20043 /* UtilityBillboardParticleShader.fsh */,
				83BAC3AA1EEA466D00A20043 /* UtilityBillboardParticleShader.vsh */,
				83BAC3AB1EEA466D00A20043 /* UtilityModelShader.fsh */,
				83BAC3AC1EEA466D00A20043 /* UtilityModelShader.vsh */,
				83BAC3AD1EEA466D00A20043 /* UtilityPickTerrainShader.fsh */,
				83BAC3AE1EEA466D00A20043 /* UtilityPickTerrainShader.vsh */,
				83BAC3AF1EEA466D00A20043 /* UtilityTerrainShader.fsh */,
				83BAC3B01EEA466D00A20043 /* UtilityTerrainShader.vsh */,
			);
			path = Shaders;
			sourceTree = "<group>";
		};
/* End PBXGroup section */

/* Begin PBXNativeTarget section */
		83BAC3421EE9488F00A20043 /* OpenGLES7.3 */ = {
			isa = PBXNativeTarget;
			buildConfigurationList = 83BAC3701EE9488F00A20043 /* Build configuration list for PBXNativeTarget "OpenGLES7.3" */;
			buildPhases = (
				83BAC33F1EE9488F00A20043 /* Sources */,
				83BAC3401EE9488F00A20043 /* Frameworks */,
				83BAC3411EE9488F00A20043 /* Resources */,
			);
			buildRules = (
			);
			dependencies = (
			);
			name = OpenGLES7.3;
			productName = OpenGLES7.3;
			productReference = 83BAC3431EE9488F00A20043 /* OpenGLES7.3.app */;
			productType = "com.apple.product-type.application";
		};
		83BAC35B1EE9488F00A20043 /* OpenGLES7.3Tests */ = {
			isa = PBXNativeTarget;
			buildConfigurationList = 83BAC3731EE9488F00A20043 /* Build configuration list for PBXNativeTarget "OpenGLES7.3Tests" */;
			buildPhases = (
				83BAC3581EE9488F00A20043 /* Sources */,
				83BAC3591EE9488F00A20043 /* Frameworks */,
				83BAC35A1EE9488F00A20043 /* Resources */,
			);
			buildRules = (
			);
			dependencies = (
				83BAC35E1EE9488F00A20043 /* PBXTargetDependency */,
			);
			name = OpenGLES7.3Tests;
			productName = OpenGLES7.3Tests;
			productReference = 83BAC35C1EE9488F00A20043 /* OpenGLES7.3Tests.xctest */;
			productType = "com.apple.product-type.bundle.unit-test";
		};
		83BAC3661EE9488F00A20043 /* OpenGLES7.3UITests */ = {
			isa = PBXNativeTarget;
			buildConfigurationList = 83BAC3761EE9488F00A20043 /* Build configuration list for PBXNativeTarget "OpenGLES7.3UITests" */;
			buildPhases = (
				83BAC3631EE9488F00A20043 /* Sources */,
				83BAC3641EE9488F00A20043 /* Frameworks */,
				83BAC3651EE9488F00A20043 /* Resources */,
			);
			buildRules = (
			);
			dependencies = (
				83BAC3691EE9488F00A20043 /* PBXTargetDependency */,
			);
			name = OpenGLES7.3UITests;
			productName = OpenGLES7.3UITests;
			productReference = 83BAC3671EE9488F00A20043 /* OpenGLES7.3UITests.xctest */;
			productType = "com.apple.product-type.bundle.ui-testing";
		};
/* End PBXNativeTarget section */

/* Begin PBXProject section */
		83BAC33B1EE9488F00A20043 /* Project object */ = {
			isa = PBXProject;
			attributes = {
				LastUpgradeCheck = 0830;
				ORGANIZATIONNAME = ShiWen;
				TargetAttributes = {
					83BAC3421EE9488F00A20043 = {
						CreatedOnToolsVersion = 8.3.3;
						DevelopmentTeam = X585696T4B;
						ProvisioningStyle = Manual;
					};
					83BAC35B1EE9488F00A20043 = {
						CreatedOnToolsVersion = 8.3.3;
						ProvisioningStyle = Automatic;
						TestTargetID = 83BAC3421EE9488F00A20043;
					};
					83BAC3661EE9488F00A20043 = {
						CreatedOnToolsVersion = 8.3.3;
						ProvisioningStyle = Automatic;
						TestTargetID = 83BAC3421EE9488F00A20043;
					};
				};
			};
			buildConfigurationList = 83BAC33E1EE9488F00A20043 /* Build configuration list for PBXProject "OpenGLES7.3" */;
			compatibilityVersion = "Xcode 3.2";
			developmentRegion = English;
			hasScannedForEncodings = 0;
			knownRegions = (
				en,
				Base,
			);
			mainGroup = 83BAC33A1EE9488F00A20043;
			productRefGroup = 83BAC3441EE9488F00A20043 /* Products */;
			projectDirPath = "";
			projectRoot = "";
			targets = (
				83BAC3421EE9488F00A20043 /* OpenGLES7.3 */,
				83BAC35B1EE9488F00A20043 /* OpenGLES7.3Tests */,
				83BAC3661EE9488F00A20043 /* OpenGLES7.3UITests */,
			);
		};
/* End PBXProject section */

/* Begin PBXResourcesBuildPhase section */
		83BAC3411EE9488F00A20043 /* Resources */ = {
			isa = PBXResourcesBuildPhase;
			buildActionMask = 2147483647;
			files = (
				83BAC3B41EEA466D00A20043 /* UtilityBillboardParticleShader.vsh in Resources */,
				83BAC3A31EE9565600A20043 /* test1.modelplist in Resources */,
				83BAC3B71EEA466D00A20043 /* UtilityPickTerrainShader.fsh in Resources */,
				83BAC3BA1EEA466D00A20043 /* UtilityTerrainShader.vsh in Resources */,
				83BAC3A51EE9599400A20043 /* armature.modelplist in Resources */,
				83BAC3B11EEA466D00A20043 /* UtilityArmaturePointLightShader.fsh in Resources */,
				83BAC3B61EEA466D00A20043 /* UtilityModelShader.vsh in Resources */,
				83BAC3B81EEA466D00A20043 /* UtilityPickTerrainShader.vsh in Resources */,
				83BAC3561EE9488F00A20043 /* LaunchScreen.storyboard in Resources */,
				83BAC3B51EEA466D00A20043 /* UtilityModelShader.fsh in Resources */,
				83BAC3B91EEA466D00A20043 /* UtilityTerrainShader.fsh in Resources */,
				83BAC3531EE9488F00A20043 /* Assets.xcassets in Resources */,
				83BAC3511EE9488F00A20043 /* Main.storyboard in Resources */,
				83BAC3B21EEA466D00A20043 /* UtilityArmaturePointLightShader.vsh in Resources */,
				83BAC3B31EEA466D00A20043 /* UtilityBillboardParticleShader.fsh in Resources */,
			);
			runOnlyForDeploymentPostprocessing = 0;
		};
		83BAC35A1EE9488F00A20043 /* Resources */ = {
			isa = PBXResourcesBuildPhase;
			buildActionMask = 2147483647;
			files = (
			);
			runOnlyForDeploymentPostprocessing = 0;
		};
		83BAC3651EE9488F00A20043 /* Resources */ = {
			isa = PBXResourcesBuildPhase;
			buildActionMask = 2147483647;
			files = (
			);
			runOnlyForDeploymentPostprocessing = 0;
		};
/* End PBXResourcesBuildPhase section */

/* Begin PBXSourcesBuildPhase section */
		83BAC33F1EE9488F00A20043 /* Sources */ = {
			isa = PBXSourcesBuildPhase;
			buildActionMask = 2147483647;
			files = (
				83BAC3991EE948D600A20043 /* UtilityModel.m in Sources */,
				83BAC39A1EE948D600A20043 /* UtilityModelManager+skinning.m in Sources */,
				83BAC34E1EE9488F00A20043 /* ViewController.m in Sources */,
				83BAC3961EE948D600A20043 /* UtilityMesh.m in Sources */,
				83BAC34B1EE9488F00A20043 /* AppDelegate.m in Sources */,
				83BAC39C1EE948D600A20043 /* UtilityTextureInfo+viewAdditions.m in Sources */,
				83BAC39D1EE948D600A20043 /* UtilityTextureInfo.m in Sources */,
				83BAC3941EE948D600A20043 /* UtilityMesh+skinning.m in Sources */,
				83BAC3481EE9488F00A20043 /* main.m in Sources */,
				83BAC3921EE948D600A20043 /* UtilityArmatureBaseEffect.m in Sources */,
				83BAC39B1EE948D600A20043 /* UtilityModelManager.m in Sources */,
				83BAC3951EE948D600A20043 /* UtilityMesh+viewAdditions.m in Sources */,
				83BAC3A11EE9490B00A20043 /* AGLKContext.m in Sources */,
				83BAC3971EE948D600A20043 /* UtilityModel+skinning.m in Sources */,
				83BAC3931EE948D600A20043 /* UtilityJoint.m in Sources */,
				83BAC3981EE948D600A20043 /* UtilityModel+viewAdditions.m in Sources */,
			);
			runOnlyForDeploymentPostprocessing = 0;
		};
		83BAC3581EE9488F00A20043 /* Sources */ = {
			isa = PBXSourcesBuildPhase;
			buildActionMask = 2147483647;
			files = (
				83BAC3611EE9488F00A20043 /* OpenGLES7_3Tests.m in Sources */,
			);
			runOnlyForDeploymentPostprocessing = 0;
		};
		83BAC3631EE9488F00A20043 /* Sources */ = {
			isa = PBXSourcesBuildPhase;
			buildActionMask = 2147483647;
			files = (
				83BAC36C1EE9488F00A20043 /* OpenGLES7_3UITests.m in Sources */,
			);
			runOnlyForDeploymentPostprocessing = 0;
		};
/* End PBXSourcesBuildPhase section */

/* Begin PBXTargetDependency section */
		83BAC35E1EE9488F00A20043 /* PBXTargetDependency */ = {
			isa = PBXTargetDependency;
			target = 83BAC3421EE9488F00A20043 /* OpenGLES7.3 */;
			targetProxy = 83BAC35D1EE9488F00A20043 /* PBXContainerItemProxy */;
		};
		83BAC3691EE9488F00A20043 /* PBXTargetDependency */ = {
			isa = PBXTargetDependency;
			target = 83BAC3421EE9488F00A20043 /* OpenGLES7.3 */;
			targetProxy = 83BAC3681EE9488F00A20043 /* PBXContainerItemProxy */;
		};
/* End PBXTargetDependency section */

/* Begin PBXVariantGroup section */
		83BAC34F1EE9488F00A20043 /* Main.storyboard */ = {
			isa = PBXVariantGroup;
			children = (
				83BAC3501EE9488F00A20043 /* Base */,
			);
			name = Main.storyboard;
			sourceTree = "<group>";
		};
		83BAC3541EE9488F00A20043 /* LaunchScreen.storyboard */ = {
			isa = PBXVariantGroup;
			children = (
				83BAC3551EE9488F00A20043 /* Base */,
			);
			name = LaunchScreen.storyboard;
			sourceTree = "<group>";
		};
/* End PBXVariantGroup section */

/* Begin XCBuildConfiguration section */
		83BAC36E1EE9488F00A20043 /* Debug */ = {
			isa = XCBuildConfiguration;
			buildSettings = {
				ALWAYS_SEARCH_USER_PATHS = NO;
				CLANG_ANALYZER_NONNULL = YES;
				CLANG_ANALYZER_NUMBER_OBJECT_CONVERSION = YES_AGGRESSIVE;
				CLANG_CXX_LANGUAGE_STANDARD = "gnu++0x";
				CLANG_CXX_LIBRARY = "libc++";
				CLANG_ENABLE_MODULES = YES;
				CLANG_ENABLE_OBJC_ARC = YES;
				CLANG_WARN_BOOL_CONVERSION = YES;
				CLANG_WARN_CONSTANT_CONVERSION = YES;
				CLANG_WARN_DIRECT_OBJC_ISA_USAGE = YES_ERROR;
				CLANG_WARN_DOCUMENTATION_COMMENTS = YES;
				CLANG_WARN_EMPTY_BODY = YES;
				CLANG_WARN_ENUM_CONVERSION = YES;
				CLANG_WARN_INFINITE_RECURSION = YES;
				CLANG_WARN_INT_CONVERSION = YES;
				CLANG_WARN_OBJC_ROOT_CLASS = YES_ERROR;
				CLANG_WARN_SUSPICIOUS_MOVE = YES;
				CLANG_WARN_UNREACHABLE_CODE = YES;
				CLANG_WARN__DUPLICATE_METHOD_MATCH = YES;
				"CODE_SIGN_IDENTITY[sdk=iphoneos*]" = "iPhone Developer";
				COPY_PHASE_STRIP = NO;
				DEBUG_INFORMATION_FORMAT = dwarf;
				ENABLE_STRICT_OBJC_MSGSEND = YES;
				ENABLE_TESTABILITY = YES;
				GCC_C_LANGUAGE_STANDARD = gnu99;
				GCC_DYNAMIC_NO_PIC = NO;
				GCC_NO_COMMON_BLOCKS = YES;
				GCC_OPTIMIZATION_LEVEL = 0;
				GCC_PREPROCESSOR_DEFINITIONS = (
					"DEBUG=1",
					"$(inherited)",
				);
				GCC_WARN_64_TO_32_BIT_CONVERSION = YES;
				GCC_WARN_ABOUT_RETURN_TYPE = YES_ERROR;
				GCC_WARN_UNDECLARED_SELECTOR = YES;
				GCC_WARN_UNINITIALIZED_AUTOS = YES_AGGRESSIVE;
				GCC_WARN_UNUSED_FUNCTION = YES;
				GCC_WARN_UNUSED_VARIABLE = YES;
				IPHONEOS_DEPLOYMENT_TARGET = 10.3;
				MTL_ENABLE_DEBUG_INFO = YES;
				ONLY_ACTIVE_ARCH = YES;
				SDKROOT = iphoneos;
			};
			name = Debug;
		};
		83BAC36F1EE9488F00A20043 /* Release */ = {
			isa = XCBuildConfiguration;
			buildSettings = {
				ALWAYS_SEARCH_USER_PATHS = NO;
				CLANG_ANALYZER_NONNULL = YES;
				CLANG_ANALYZER_NUMBER_OBJECT_CONVERSION = YES_AGGRESSIVE;
				CLANG_CXX_LANGUAGE_STANDARD = "gnu++0x";
				CLANG_CXX_LIBRARY = "libc++";
				CLANG_ENABLE_MODULES = YES;
				CLANG_ENABLE_OBJC_ARC = YES;
				CLANG_WARN_BOOL_CONVERSION = YES;
				CLANG_WARN_CONSTANT_CONVERSION = YES;
				CLANG_WARN_DIRECT_OBJC_ISA_USAGE = YES_ERROR;
				CLANG_WARN_DOCUMENTATION_COMMENTS = YES;
				CLANG_WARN_EMPTY_BODY = YES;
				CLANG_WARN_ENUM_CONVERSION = YES;
				CLANG_WARN_INFINITE_RECURSION = YES;
				CLANG_WARN_INT_CONVERSION = YES;
				CLANG_WARN_OBJC_ROOT_CLASS = YES_ERROR;
				CLANG_WARN_SUSPICIOUS_MOVE = YES;
				CLANG_WARN_UNREACHABLE_CODE = YES;
				CLANG_WARN__DUPLICATE_METHOD_MATCH = YES;
				"CODE_SIGN_IDENTITY[sdk=iphoneos*]" = "iPhone Developer";
				COPY_PHASE_STRIP = NO;
				DEBUG_INFORMATION_FORMAT = "dwarf-with-dsym";
				ENABLE_NS_ASSERTIONS = NO;
				ENABLE_STRICT_OBJC_MSGSEND = YES;
				GCC_C_LANGUAGE_STANDARD = gnu99;
				GCC_NO_COMMON_BLOCKS = YES;
				GCC_WARN_64_TO_32_BIT_CONVERSION = YES;
				GCC_WARN_ABOUT_RETURN_TYPE = YES_ERROR;
				GCC_WARN_UNDECLARED_SELECTOR = YES;
				GCC_WARN_UNINITIALIZED_AUTOS = YES_AGGRESSIVE;
				GCC_WARN_UNUSED_FUNCTION = YES;
				GCC_WARN_UNUSED_VARIABLE = YES;
				IPHONEOS_DEPLOYMENT_TARGET = 10.3;
				MTL_ENABLE_DEBUG_INFO = NO;
				SDKROOT = iphoneos;
				VALIDATE_PRODUCT = YES;
			};
			name = Release;
		};
		83BAC3711EE9488F00A20043 /* Debug */ = {
			isa = XCBuildConfiguration;
			buildSettings = {
				ASSETCATALOG_COMPILER_APPICON_NAME = AppIcon;
				CLANG_WARN_INFINITE_RECURSION = YES;
				CLANG_WARN_SUSPICIOUS_MOVE = YES;
				DEVELOPMENT_TEAM = X585696T4B;
				FRAMEWORK_SEARCH_PATHS = "\"$(SRCROOT)/OpenGLES7.3/ModelLoding\"";
				GCC_NO_COMMON_BLOCKS = NO;
				INFOPLIST_FILE = OpenGLES7.3/Info.plist;
				LD_RUNPATH_SEARCH_PATHS = "$(inherited) @executable_path/Frameworks";
				LIBRARY_SEARCH_PATHS = "\"$(SRCROOT)/OpenGLES7.3/ModelLoding\"";
				PRODUCT_BUNDLE_IDENTIFIER = "com.ShiWenChen.com.OpenGLES7-3";
				PRODUCT_NAME = "$(TARGET_NAME)";
				PROVISIONING_PROFILE = "34779f32-976c-48a9-8576-55b1d8bc4e7b";
				PROVISIONING_PROFILE_SPECIFIER = TestApp;
			};
			name = Debug;
		};
		83BAC3721EE9488F00A20043 /* Release */ = {
			isa = XCBuildConfiguration;
			buildSettings = {
				ASSETCATALOG_COMPILER_APPICON_NAME = AppIcon;
				CLANG_WARN_INFINITE_RECURSION = YES;
				CLANG_WARN_SUSPICIOUS_MOVE = YES;
				DEVELOPMENT_TEAM = X585696T4B;
				FRAMEWORK_SEARCH_PATHS = "\"$(SRCROOT)/OpenGLES7.3/ModelLoding\"";
				GCC_NO_COMMON_BLOCKS = NO;
				INFOPLIST_FILE = OpenGLES7.3/Info.plist;
				LD_RUNPATH_SEARCH_PATHS = "$(inherited) @executable_path/Frameworks";
				LIBRARY_SEARCH_PATHS = "\"$(SRCROOT)/OpenGLES7.3/ModelLoding\"";
				PRODUCT_BUNDLE_IDENTIFIER = "com.ShiWenChen.com.OpenGLES7-3";
				PRODUCT_NAME = "$(TARGET_NAME)";
				PROVISIONING_PROFILE = "34779f32-976c-48a9-8576-55b1d8bc4e7b";
				PROVISIONING_PROFILE_SPECIFIER = TestApp;
			};
			name = Release;
		};
		83BAC3741EE9488F00A20043 /* Debug */ = {
			isa = XCBuildConfiguration;
			buildSettings = {
				BUNDLE_LOADER = "$(TEST_HOST)";
				INFOPLIST_FILE = OpenGLES7.3Tests/Info.plist;
				LD_RUNPATH_SEARCH_PATHS = "$(inherited) @executable_path/Frameworks @loader_path/Frameworks";
				PRODUCT_BUNDLE_IDENTIFIER = "com.ShiWenChen.com.OpenGLES7-3Tests";
				PRODUCT_NAME = "$(TARGET_NAME)";
				TEST_HOST = "$(BUILT_PRODUCTS_DIR)/OpenGLES7.3.app/OpenGLES7.3";
			};
			name = Debug;
		};
		83BAC3751EE9488F00A20043 /* Release */ = {
			isa = XCBuildConfiguration;
			buildSettings = {
				BUNDLE_LOADER = "$(TEST_HOST)";
				INFOPLIST_FILE = OpenGLES7.3Tests/Info.plist;
				LD_RUNPATH_SEARCH_PATHS = "$(inherited) @executable_path/Frameworks @loader_path/Frameworks";
				PRODUCT_BUNDLE_IDENTIFIER = "com.ShiWenChen.com.OpenGLES7-3Tests";
				PRODUCT_NAME = "$(TARGET_NAME)";
				TEST_HOST = "$(BUILT_PRODUCTS_DIR)/OpenGLES7.3.app/OpenGLES7.3";
			};
			name = Release;
		};
		83BAC3771EE9488F00A20043 /* Debug */ = {
			isa = XCBuildConfiguration;
			buildSettings = {
				INFOPLIST_FILE = OpenGLES7.3UITests/Info.plist;
				LD_RUNPATH_SEARCH_PATHS = "$(inherited) @executable_path/Frameworks @loader_path/Frameworks";
				PRODUCT_BUNDLE_IDENTIFIER = "com.ShiWenChen.com.OpenGLES7-3UITests";
				PRODUCT_NAME = "$(TARGET_NAME)";
				TEST_TARGET_NAME = OpenGLES7.3;
			};
			name = Debug;
		};
		83BAC3781EE9488F00A20043 /* Release */ = {
			isa = XCBuildConfiguration;
			buildSettings = {
				INFOPLIST_FILE = OpenGLES7.3UITests/Info.plist;
				LD_RUNPATH_SEARCH_PATHS = "$(inherited) @executable_path/Frameworks @loader_path/Frameworks";
				PRODUCT_BUNDLE_IDENTIFIER = "com.ShiWenChen.com.OpenGLES7-3UITests";
				PRODUCT_NAME = "$(TARGET_NAME)";
				TEST_TARGET_NAME = OpenGLES7.3;
			};
			name = Release;
		};
/* End XCBuildConfiguration section */

/* Begin XCConfigurationList section */
		83BAC33E1EE9488F00A20043 /* Build configuration list for PBXProject "OpenGLES7.3" */ = {
			isa = XCConfigurationList;
			buildConfigurations = (
				83BAC36E1EE9488F00A20043 /* Debug */,
				83BAC36F1EE9488F00A20043 /* Release */,
			);
			defaultConfigurationIsVisible = 0;
			defaultConfigurationName = Release;
		};
		83BAC3701EE9488F00A20043 /* Build configuration list for PBXNativeTarget "OpenGLES7.3" */ = {
			isa = XCConfigurationList;
			buildConfigurations = (
				83BAC3711EE9488F00A20043 /* Debug */,
				83BAC3721EE9488F00A20043 /* Release */,
			);
			defaultConfigurationIsVisible = 0;
			defaultConfigurationName = Release;
		};
		83BAC3731EE9488F00A20043 /* Build configuration list for PBXNativeTarget "OpenGLES7.3Tests" */ = {
			isa = XCConfigurationList;
			buildConfigurations = (
				83BAC3741EE9488F00A20043 /* Debug */,
				83BAC3751EE9488F00A20043 /* Release */,
			);
			defaultConfigurationIsVisible = 0;
			defaultConfigurationName = Release;
		};
		83BAC3761EE9488F00A20043 /* Build configuration list for PBXNativeTarget "OpenGLES7.3UITests" */ = {
			isa = XCConfigurationList;
			buildConfigurations = (
				83BAC3771EE9488F00A20043 /* Debug */,
				83BAC3781EE9488F00A20043 /* Release */,
			);
			defaultConfigurationIsVisible = 0;
			defaultConfigurationName = Release;
		};
/* End XCConfigurationList section */
	};
	rootObject = 83BAC33B1EE9488F00A20043 /* Project object */;
}
